lockfileVersion: '9.0'

settings:
  autoInstallPeers: true
  excludeLinksFromLockfile: false

importers:

  .:
    dependencies:
      '@types/node':
        specifier: ^24.0.13
        version: 24.0.13
      '@webviewjs/webview':
        specifier: ^0.1.3
        version: 0.1.3
      zod:
        specifier: ^4.0.4
        version: 4.0.4
    devDependencies:
      typescript:
        specifier: ^5.8.3
        version: 5.8.3

packages:

  '@types/node@24.0.13':
    resolution: {integrity: sha512-Qm9OYVOFHFYg3wJoTSrz80hoec5Lia/dPp84do3X7dZvLikQvM1YpmvTBEdIr/e+U8HTkFjLHLnl78K/qjf+jQ==}

  '@webviewjs/webview-android-arm-eabi@0.1.3':
    resolution: {integrity: sha512-LHDRUQrKYP4xvowWn1gZBrKetxDgJ7UM9eevUaTJUtPNVI2r5Ucj0yZoXgUPVtFRuU0OsDEOyB2DrnEcMCSWNQ==}
    engines: {node: '>= 10'}
    cpu: [arm]
    os: [android]

  '@webviewjs/webview-android-arm64@0.1.3':
    resolution: {integrity: sha512-GiGdMJh3CFW18HVk+5r35iznav5bGH+xqp3WfjkbFssRD4fOE3edDZia4FLHn4oMNdmQduTTvmVXg6fBB7kNfQ==}
    engines: {node: '>= 10'}
    cpu: [arm64]
    os: [android]

  '@webviewjs/webview-darwin-arm64@0.1.3':
    resolution: {integrity: sha512-eRxjO52b/qLY4PeGWaeJZjhrk2zHncbA9N9BGQJEhSxa/E8c/SsFfS868c0oqbfCreGqhRE8aFAu2dpGUvX8FQ==}
    engines: {node: '>= 10'}
    cpu: [arm64]
    os: [darwin]

  '@webviewjs/webview-darwin-x64@0.1.3':
    resolution: {integrity: sha512-iKqSM0QDPwfB9rO1pwBxXD1Ve/380CSOz8sdIikED78qvieUsalqA93ihZGdCkl4SihhPZQ8n+mX5TH5/gfkhg==}
    engines: {node: '>= 10'}
    cpu: [x64]
    os: [darwin]

  '@webviewjs/webview-win32-arm64-msvc@0.1.3':
    resolution: {integrity: sha512-RaReXxoCW0HJ3srNVlsBPrHd/4LwvjR0g0ehZmjjQ8fI6URJ23IAEuwcDhBPMs+0BfSdLinegzEBaUwwLoMRjg==}
    engines: {node: '>= 10'}
    cpu: [arm64]
    os: [win32]

  '@webviewjs/webview-win32-ia32-msvc@0.1.3':
    resolution: {integrity: sha512-tScltp4cNutz5OeXDo3jWqD4jOy6yg2R31pUCDGa03zH/YsVzEHXqsueUvl3iRkVh/bpAQ0iBgPJ9QzBC2D6qg==}
    engines: {node: '>= 10'}
    cpu: [ia32]
    os: [win32]

  '@webviewjs/webview-win32-x64-msvc@0.1.3':
    resolution: {integrity: sha512-x+VYx/+26U+NPvqWZAKQUhRe/ZKVO0xxPwCEwUCQ5iATW+Iyvgqy+btoKlgqUXHo1lxQX1p5+nFyIbrNEc74Pg==}
    engines: {node: '>= 10'}
    cpu: [x64]
    os: [win32]

  '@webviewjs/webview@0.1.3':
    resolution: {integrity: sha512-bDs1Iqg5VGCpnURMlFSLS6L1eM2I7LfbUbj80/XajFKEX1rd5lT3kR6JPJy0QGyNSDO0vKuwd6prfl9+hYWRDg==}
    engines: {node: '>= 10'}
    hasBin: true

  typescript@5.8.3:
    resolution: {integrity: sha512-p1diW6TqL9L07nNxvRMM7hMMw4c5XOo/1ibL4aAIGmSAt9slTE1Xgw5KWuof2uTOvCg9BY7ZRi+GaF+7sfgPeQ==}
    engines: {node: '>=14.17'}
    hasBin: true

  undici-types@7.8.0:
    resolution: {integrity: sha512-9UJ2xGDvQ43tYyVMpuHlsgApydB8ZKfVYTsLDhXkFL/6gfkp+U8xTGdh8pMJv1SpZna0zxG1DwsKZsreLbXBxw==}

  zod@4.0.4:
    resolution: {integrity: sha512-i+8X+1VC5B3ufKpHJYkp1uACl34n8MA3PNXiayDGmKVqTmiKgqmxSayPQjsYvkGs+DitAMS7U1l4uG6AZYCJGA==}

snapshots:

  '@types/node@24.0.13':
    dependencies:
      undici-types: 7.8.0

  '@webviewjs/webview-android-arm-eabi@0.1.3':
    optional: true

  '@webviewjs/webview-android-arm64@0.1.3':
    optional: true

  '@webviewjs/webview-darwin-arm64@0.1.3':
    optional: true

  '@webviewjs/webview-darwin-x64@0.1.3':
    optional: true

  '@webviewjs/webview-win32-arm64-msvc@0.1.3':
    optional: true

  '@webviewjs/webview-win32-ia32-msvc@0.1.3':
    optional: true

  '@webviewjs/webview-win32-x64-msvc@0.1.3':
    optional: true

  '@webviewjs/webview@0.1.3':
    optionalDependencies:
      '@webviewjs/webview-android-arm-eabi': 0.1.3
      '@webviewjs/webview-android-arm64': 0.1.3
      '@webviewjs/webview-darwin-arm64': 0.1.3
      '@webviewjs/webview-darwin-x64': 0.1.3
      '@webviewjs/webview-win32-arm64-msvc': 0.1.3
      '@webviewjs/webview-win32-ia32-msvc': 0.1.3
      '@webviewjs/webview-win32-x64-msvc': 0.1.3

  typescript@5.8.3: {}

  undici-types@7.8.0: {}

  zod@4.0.4: {}
